
Microsoft Visual Studio Solution File, Format Version 12.00
# Visual Studio Version 16
VisualStudioVersion = 16.0.30204.135
MinimumVisualStudioVersion = 10.0.40219.1
Project("{FAE04EC0-301F-11D3-BF4B-00C04F79EFBC}") = "ElibraryManagement", "ElibraryManagement\ElibraryManagement.csproj", "{92322E33-3CFF-43AE-9533-50D4C9F38654}"
EndProject
Project("{FAE04EC0-301F-11D3-BF4B-00C04F79EFBC}") = "ImageUpload", "ImageUpload\ImageUpload.csproj", "{049CDE9C-A40D-477B-AF38-51EEBC563FB4}"
EndProject
Global
	GlobalSection(SolutionConfigurationPlatforms) = preSolution
		Debug|Any CPU = Debug|Any CPU
		Release|Any CPU = Release|Any CPU
	EndGlobalSection
	GlobalSection(ProjectConfigurationPlatforms) = postSolution
		{92322E33-3CFF-43AE-9533-50D4C9F38654}.Debug|Any CPU.ActiveCfg = Debug|Any CPU
		{92322E33-3CFF-43AE-9533-50D4C9F38654}.Debug|Any CPU.Build.0 = Debug|Any CPU
		{92322E33-3CFF-43AE-9533-50D4C9F38654}.Release|Any CPU.ActiveCfg = Release|Any CPU
		{92322E33-3CFF-43AE-9533-50D4C9F38654}.Release|Any CPU.Build.0 = Release|Any CPU
		{049CDE9C-A40D-477B-AF38-51EEBC563FB4}.Debug|Any CPU.ActiveCfg = Debug|Any CPU
		{049CDE9C-A40D-477B-AF38-51EEBC563FB4}.Debug|Any CPU.Build.0 = Debug|Any CPU
		{049CDE9C-A40D-477B-AF38-51EEBC563FB4}.Release|Any CPU.ActiveCfg = Release|Any CPU
		{049CDE9C-A40D-477B-AF38-51EEBC563FB4}.Release|Any CPU.Build.0 = Release|Any CPU
	EndGlobalSection
	GlobalSection(SolutionProperties) = preSolution
		HideSolutionNode = FALSE
	EndGlobalSection
	GlobalSection(ExtensibilityGlobals) = postSolution
		SolutionGuid = {79F67B86-1696-4EC7-86A8-E517C6A1EBF9}
	EndGlobalSection
EndGlobal
